
Microsoft Visual Studio Solution File, Format Version 12.00
# Visual Studio Version 16
VisualStudioVersion = 16.0.30611.23
MinimumVisualStudioVersion = 10.0.40219.1
Project("{FAE04EC0-301F-11D3-BF4B-00C04F79EFBC}") = "GetcuReone.Cdo.Wpf", "GetcuReone.Cdo.Wpf\GetcuReone.Cdo.Wpf.csproj", "{FA1C2A24-D6DE-44B1-AC07-FA8E6C06B0AB}"
EndProject
Project("{2150E333-8FDC-42A3-9474-1A3956D46DE8}") = "Infrastructure", "Infrastructure", "{8FB02E2B-87A1-4C2E-89B7-6716F65637C4}"
EndProject
Project("{FAE04EC0-301F-11D3-BF4B-00C04F79EFBC}") = "InfrastructureTests", "Infrastructure\InfrastructureTests\InfrastructureTests.csproj", "{ED5DD36F-78D5-4D86-BAD5-6C32CCE92F6C}"
EndProject
Project("{FAE04EC0-301F-11D3-BF4B-00C04F79EFBC}") = "TestCommon", "Infrastructure\TestCommon\TestCommon.csproj", "{1BAC1F40-55DB-4834-A326-826CAA731462}"
EndProject
Project("{FAE04EC0-301F-11D3-BF4B-00C04F79EFBC}") = "GetcuReone.Cdo.WpfTests", "GetcuReone.Cdo.WpfTests\GetcuReone.Cdo.WpfTests.csproj", "{9BC26761-DA87-4437-A868-EB7214D2BA88}"
EndProject
Global
	GlobalSection(SolutionConfigurationPlatforms) = preSolution
		Debug|Any CPU = Debug|Any CPU
		Release|Any CPU = Release|Any CPU
	EndGlobalSection
	GlobalSection(ProjectConfigurationPlatforms) = postSolution
		{FA1C2A24-D6DE-44B1-AC07-FA8E6C06B0AB}.Debug|Any CPU.ActiveCfg = Debug|Any CPU
		{FA1C2A24-D6DE-44B1-AC07-FA8E6C06B0AB}.Debug|Any CPU.Build.0 = Debug|Any CPU
		{FA1C2A24-D6DE-44B1-AC07-FA8E6C06B0AB}.Release|Any CPU.ActiveCfg = Release|Any CPU
		{FA1C2A24-D6DE-44B1-AC07-FA8E6C06B0AB}.Release|Any CPU.Build.0 = Release|Any CPU
		{ED5DD36F-78D5-4D86-BAD5-6C32CCE92F6C}.Debug|Any CPU.ActiveCfg = Debug|Any CPU
		{ED5DD36F-78D5-4D86-BAD5-6C32CCE92F6C}.Debug|Any CPU.Build.0 = Debug|Any CPU
		{ED5DD36F-78D5-4D86-BAD5-6C32CCE92F6C}.Release|Any CPU.ActiveCfg = Release|Any CPU
		{ED5DD36F-78D5-4D86-BAD5-6C32CCE92F6C}.Release|Any CPU.Build.0 = Release|Any CPU
		{1BAC1F40-55DB-4834-A326-826CAA731462}.Debug|Any CPU.ActiveCfg = Debug|Any CPU
		{1BAC1F40-55DB-4834-A326-826CAA731462}.Debug|Any CPU.Build.0 = Debug|Any CPU
		{1BAC1F40-55DB-4834-A326-826CAA731462}.Release|Any CPU.ActiveCfg = Release|Any CPU
		{1BAC1F40-55DB-4834-A326-826CAA731462}.Release|Any CPU.Build.0 = Release|Any CPU
		{9BC26761-DA87-4437-A868-EB7214D2BA88}.Debug|Any CPU.ActiveCfg = Debug|Any CPU
		{9BC26761-DA87-4437-A868-EB7214D2BA88}.Debug|Any CPU.Build.0 = Debug|Any CPU
		{9BC26761-DA87-4437-A868-EB7214D2BA88}.Release|Any CPU.ActiveCfg = Release|Any CPU
		{9BC26761-DA87-4437-A868-EB7214D2BA88}.Release|Any CPU.Build.0 = Release|Any CPU
	EndGlobalSection
	GlobalSection(SolutionProperties) = preSolution
		HideSolutionNode = FALSE
	EndGlobalSection
	GlobalSection(NestedProjects) = preSolution
		{ED5DD36F-78D5-4D86-BAD5-6C32CCE92F6C} = {8FB02E2B-87A1-4C2E-89B7-6716F65637C4}
		{1BAC1F40-55DB-4834-A326-826CAA731462} = {8FB02E2B-87A1-4C2E-89B7-6716F65637C4}
	EndGlobalSection
	GlobalSection(ExtensibilityGlobals) = postSolution
		SolutionGuid = {AA75BC69-0307-49EA-855A-AE1058FA36D8}
	EndGlobalSection
EndGlobal
